{
	"name": "brave-search",
	"version": "1.0.0",
	"lockfileVersion": 3,
	"requires": true,
	"packages": {
		"": {
			"name": "brave-search",
			"version": "1.0.0",
			"license": "MIT",
			"dependencies": {
				"@mozilla/readability": "^0.6.0",
				"jsdom": "^27.0.1",
				"turndown": "^7.2.2",
				"turndown-plugin-gfm": "^1.0.2"
			}
		},
		"node_modules/@asamuzakjp/css-color": {
			"version": "4.1.0",
			"resolved": "https://registry.npmjs.org/@asamuzakjp/css-color/-/css-color-4.1.0.tgz",
			"integrity": "sha512-9xiBAtLn4aNsa4mDnpovJvBn72tNEIACyvlqaNJ+ADemR+yeMJWnBudOi2qGDviJa7SwcDOU/TRh5dnET7qk0w==",
			"license": "MIT",
			"dependencies": {
				"@csstools/css-calc": "^2.1.4",
				"@csstools/css-color-parser": "^3.1.0",
				"@csstools/css-parser-algorithms": "^3.0.5",
				"@csstools/css-tokenizer": "^3.0.4",
				"lru-cache": "^11.2.2"
			}
		}
	}
}
